
Microsoft Visual Studio Solution File, Format Version 12.00
# Visual Studio 14
VisualStudioVersion = 14.0.24720.0
MinimumVisualStudioVersion = 10.0.40219.1
Project("{2150E333-8FDC-42A3-9474-1A3956D46DE8}") = "src", "src", "{68E379F5-08CC-4CE4-AE3D-4B35279E05DD}"
EndProject
Project("{2150E333-8FDC-42A3-9474-1A3956D46DE8}") = "Solution Items", "Solution Items", "{DCCE5A49-2CB9-4FF5-8B56-BE57B517026E}"
	ProjectSection(SolutionItems) = preProject
		global.json = global.json
	EndProjectSection
EndProject
Project("{8BB2217D-0F2D-49D1-97BC-3654ED321F3B}") = "Nazarii.FileBrowser", "src\Nazarii.FileBrowser\Nazarii.FileBrowser.xproj", "{7BE8F58C-29AA-4D07-8968-131514FB3BE9}"
EndProject
Project("{2150E333-8FDC-42A3-9474-1A3956D46DE8}") = "test", "test", "{49BF9066-1781-4ABF-B961-9A0A87083D6B}"
EndProject
Project("{8BB2217D-0F2D-49D1-97BC-3654ED321F3B}") = "Nazarii.FileBrowser.Tests", "test\Nazarii.FileBrowser.Tests\Nazarii.FileBrowser.Tests.xproj", "{4680E680-243D-45EF-A71D-797FAB904D1B}"
EndProject
Global
	GlobalSection(SolutionConfigurationPlatforms) = preSolution
		Debug|Any CPU = Debug|Any CPU
		Release|Any CPU = Release|Any CPU
	EndGlobalSection
	GlobalSection(ProjectConfigurationPlatforms) = postSolution
		{7BE8F58C-29AA-4D07-8968-131514FB3BE9}.Debug|Any CPU.ActiveCfg = Debug|Any CPU
		{7BE8F58C-29AA-4D07-8968-131514FB3BE9}.Debug|Any CPU.Build.0 = Debug|Any CPU
		{7BE8F58C-29AA-4D07-8968-131514FB3BE9}.Release|Any CPU.ActiveCfg = Release|Any CPU
		{7BE8F58C-29AA-4D07-8968-131514FB3BE9}.Release|Any CPU.Build.0 = Release|Any CPU
		{4680E680-243D-45EF-A71D-797FAB904D1B}.Debug|Any CPU.ActiveCfg = Debug|Any CPU
		{4680E680-243D-45EF-A71D-797FAB904D1B}.Debug|Any CPU.Build.0 = Debug|Any CPU
		{4680E680-243D-45EF-A71D-797FAB904D1B}.Release|Any CPU.ActiveCfg = Release|Any CPU
		{4680E680-243D-45EF-A71D-797FAB904D1B}.Release|Any CPU.Build.0 = Release|Any CPU
	EndGlobalSection
	GlobalSection(SolutionProperties) = preSolution
		HideSolutionNode = FALSE
	EndGlobalSection
	GlobalSection(NestedProjects) = preSolution
		{7BE8F58C-29AA-4D07-8968-131514FB3BE9} = {68E379F5-08CC-4CE4-AE3D-4B35279E05DD}
		{4680E680-243D-45EF-A71D-797FAB904D1B} = {49BF9066-1781-4ABF-B961-9A0A87083D6B}
	EndGlobalSection
EndGlobal
